
Microsoft Visual Studio Solution File, Format Version 12.00
# Visual Studio Version 17
VisualStudioVersion = 17.6.33815.320
MinimumVisualStudioVersion = 10.0.40219.1
Project("{8BC9CEB8-8B4A-11D0-8D11-00A0C91BC942}") = "DynamicProgramming", "DynamicProgramming.vcxproj", "{CB9921CE-BCF1-4DE5-9250-88624F244942}"
EndProject
Global
	GlobalSection(SolutionConfigurationPlatforms) = preSolution
		Debug|x64 = Debug|x64
		Debug|x86 = Debug|x86
		Release|x64 = Release|x64
		Release|x86 = Release|x86
	EndGlobalSection
	GlobalSection(ProjectConfigurationPlatforms) = postSolution
		{CB9921CE-BCF1-4DE5-9250-88624F244942}.Debug|x64.ActiveCfg = Debug|x64
		{CB9921CE-BCF1-4DE5-9250-88624F244942}.Debug|x64.Build.0 = Debug|x64
		{CB9921CE-BCF1-4DE5-9250-88624F244942}.Debug|x86.ActiveCfg = Debug|Win32
		{CB9921CE-BCF1-4DE5-9250-88624F244942}.Debug|x86.Build.0 = Debug|Win32
		{CB9921CE-BCF1-4DE5-9250-88624F244942}.Release|x64.ActiveCfg = Release|x64
		{CB9921CE-BCF1-4DE5-9250-88624F244942}.Release|x64.Build.0 = Release|x64
		{CB9921CE-BCF1-4DE5-9250-88624F244942}.Release|x86.ActiveCfg = Release|Win32
		{CB9921CE-BCF1-4DE5-9250-88624F244942}.Release|x86.Build.0 = Release|Win32
	EndGlobalSection
	GlobalSection(SolutionProperties) = preSolution
		HideSolutionNode = FALSE
	EndGlobalSection
	GlobalSection(ExtensibilityGlobals) = postSolution
		SolutionGuid = {0F7802D7-CEB8-4CD6-B9D6-0A18EEA9C15C}
	EndGlobalSection
EndGlobal
